
Microsoft Visual Studio Solution File, Format Version 12.00
# Visual Studio 2012
Project("{2150E333-8FDC-42A3-9474-1A3956D46DE8}") = "1-Layer", "1-Layer", "{97C1E151-A8FA-4898-9099-B6C283C63753}"
EndProject
Project("{2150E333-8FDC-42A3-9474-1A3956D46DE8}") = "1.1- Presentation", "1.1- Presentation", "{62E50586-65EB-46BC-A257-B340F148FF6A}"
EndProject
Project("{2150E333-8FDC-42A3-9474-1A3956D46DE8}") = "1.1.1- ASPMVC", "1.1.1- ASPMVC", "{F0C9EC1F-D229-4A23-927F-85289C291E94}"
EndProject
Project("{2150E333-8FDC-42A3-9474-1A3956D46DE8}") = "1.2- Distributed Services", "1.2- Distributed Services", "{C9A866C4-4A56-4BEC-83AB-80B2959C038A}"
EndProject
Project("{2150E333-8FDC-42A3-9474-1A3956D46DE8}") = "1.3- Application", "1.3- Application", "{0F25AD24-B8FE-4BE4-9CFD-50683E4B6216}"
EndProject
Project("{2150E333-8FDC-42A3-9474-1A3956D46DE8}") = "1.4- Domain", "1.4- Domain", "{6A5ABB01-3F42-480A-9C4B-A6F965ACADBA}"
EndProject
Project("{2150E333-8FDC-42A3-9474-1A3956D46DE8}") = "1.5- Infrastructure", "1.5- Infrastructure", "{C38E250C-562E-472C-9C7D-F4A6CC234EA5}"
EndProject
Project("{2150E333-8FDC-42A3-9474-1A3956D46DE8}") = "1.3.1- Core", "1.3.1- Core", "{422E4787-C2F4-4049-8D70-092E64783E6F}"
EndProject
Project("{2150E333-8FDC-42A3-9474-1A3956D46DE8}") = "1.3.2- MusicLibrary", "1.3.2- MusicLibrary", "{556F335D-C444-4503-AEBE-DB582A959D6F}"
EndProject
Project("{2150E333-8FDC-42A3-9474-1A3956D46DE8}") = "1.4.1- Core", "1.4.1- Core", "{D5B42B1B-C980-463B-A92C-946DE6F51621}"
EndProject
Project("{2150E333-8FDC-42A3-9474-1A3956D46DE8}") = "1.4.2- MusicLibrary", "1.4.2- MusicLibrary", "{6DEB821F-4AE4-4D5C-8412-1EA83F3000FD}"
EndProject
Project("{2150E333-8FDC-42A3-9474-1A3956D46DE8}") = "1.5.1- Core", "1.5.1- Core", "{4D344D8A-1ABD-4F57-BC97-90D94D0BC81F}"
EndProject
Project("{2150E333-8FDC-42A3-9474-1A3956D46DE8}") = "1.5.2- MusicLibrary", "1.5.2- MusicLibrary", "{6921D342-EDB1-4468-9121-3BB9A30B275A}"
EndProject
Project("{FAE04EC0-301F-11D3-BF4B-00C04F79EFBC}") = "Application.Core", "Application.Core\Application.Core.csproj", "{4D482D6B-FF87-4A47-BF3F-B5FD47852E05}"
EndProject
Project("{FAE04EC0-301F-11D3-BF4B-00C04F79EFBC}") = "Application.MusicLibrary", "Application.MusicLibrary\Application.MusicLibrary.csproj", "{08563A50-18C8-4F7A-809C-D22CD6F4A883}"
EndProject
Project("{FAE04EC0-301F-11D3-BF4B-00C04F79EFBC}") = "Domain.Core", "Domain.Core\Domain.Core.csproj", "{37F9D4BF-09D7-46A3-B9B1-44D72CB42C9D}"
EndProject
Project("{FAE04EC0-301F-11D3-BF4B-00C04F79EFBC}") = "Domain.MusicLibrary", "Domain.MusicLibrary\Domain.MusicLibrary.csproj", "{4F5CE2D7-25E1-4FF6-9B3E-954D0E9FDFD5}"
EndProject
Project("{FAE04EC0-301F-11D3-BF4B-00C04F79EFBC}") = "Infrastructure.Core", "Infrastructure.Core\Infrastructure.Core.csproj", "{BBF49043-36B8-4595-ACA4-B4C723FDFB3B}"
	ProjectSection(ProjectDependencies) = postProject
		{37F9D4BF-09D7-46A3-B9B1-44D72CB42C9D} = {37F9D4BF-09D7-46A3-B9B1-44D72CB42C9D}
	EndProjectSection
EndProject
Project("{FAE04EC0-301F-11D3-BF4B-00C04F79EFBC}") = "Infrastructure.MusicLibrary", "Infrastructure.MusicLibrary\Infrastructure.MusicLibrary.csproj", "{542BC49D-0153-41D0-9729-AA90715EB90D}"
EndProject
Project("{FAE04EC0-301F-11D3-BF4B-00C04F79EFBC}") = "Presentation.ASPMVC.MusicLibrary", "Presentation.ASPMVC.MusicLibrary\Presentation.ASPMVC.MusicLibrary.csproj", "{A05F181A-71E0-41E8-BF0A-467BBF9C4E6B}"
EndProject
Project("{FAE04EC0-301F-11D3-BF4B-00C04F79EFBC}") = "Application.MusicLibrary.DTO", "Application.MusicLibrary.DTO\Application.MusicLibrary.DTO.csproj", "{504B14E0-FDA6-45F6-BC89-2A870F6B55F3}"
EndProject
Project("{2150E333-8FDC-42A3-9474-1A3956D46DE8}") = "1.5.3- CrossCutting", "1.5.3- CrossCutting", "{B8F25859-5498-4DEE-81F1-7E0CC036B9F1}"
EndProject
Project("{FAE04EC0-301F-11D3-BF4B-00C04F79EFBC}") = "Infrastructure.Crosscutting.NetFramework", "Infrastructure.Crosscutting.NetFramework\Infrastructure.Crosscutting.NetFramework.csproj", "{82556375-0BBD-43F0-9305-27078DE631A5}"
EndProject
Project("{FAE04EC0-301F-11D3-BF4B-00C04F79EFBC}") = "Infrastructure.Crosscutting", "Infrastructure.Crosscutting\Infrastructure.Crosscutting.csproj", "{7D61D966-B7CF-48C1-A393-B26C8CE443FA}"
EndProject
Global
	GlobalSection(SolutionConfigurationPlatforms) = preSolution
		Debug|Any CPU = Debug|Any CPU
		Release|Any CPU = Release|Any CPU
	EndGlobalSection
	GlobalSection(ProjectConfigurationPlatforms) = postSolution
		{4D482D6B-FF87-4A47-BF3F-B5FD47852E05}.Debug|Any CPU.ActiveCfg = Debug|Any CPU
		{4D482D6B-FF87-4A47-BF3F-B5FD47852E05}.Debug|Any CPU.Build.0 = Debug|Any CPU
		{4D482D6B-FF87-4A47-BF3F-B5FD47852E05}.Release|Any CPU.ActiveCfg = Release|Any CPU
		{4D482D6B-FF87-4A47-BF3F-B5FD47852E05}.Release|Any CPU.Build.0 = Release|Any CPU
		{08563A50-18C8-4F7A-809C-D22CD6F4A883}.Debug|Any CPU.ActiveCfg = Debug|Any CPU
		{08563A50-18C8-4F7A-809C-D22CD6F4A883}.Debug|Any CPU.Build.0 = Debug|Any CPU
		{08563A50-18C8-4F7A-809C-D22CD6F4A883}.Release|Any CPU.ActiveCfg = Release|Any CPU
		{08563A50-18C8-4F7A-809C-D22CD6F4A883}.Release|Any CPU.Build.0 = Release|Any CPU
		{37F9D4BF-09D7-46A3-B9B1-44D72CB42C9D}.Debug|Any CPU.ActiveCfg = Debug|Any CPU
		{37F9D4BF-09D7-46A3-B9B1-44D72CB42C9D}.Debug|Any CPU.Build.0 = Debug|Any CPU
		{37F9D4BF-09D7-46A3-B9B1-44D72CB42C9D}.Release|Any CPU.ActiveCfg = Release|Any CPU
		{37F9D4BF-09D7-46A3-B9B1-44D72CB42C9D}.Release|Any CPU.Build.0 = Release|Any CPU
		{4F5CE2D7-25E1-4FF6-9B3E-954D0E9FDFD5}.Debug|Any CPU.ActiveCfg = Debug|Any CPU
		{4F5CE2D7-25E1-4FF6-9B3E-954D0E9FDFD5}.Debug|Any CPU.Build.0 = Debug|Any CPU
		{4F5CE2D7-25E1-4FF6-9B3E-954D0E9FDFD5}.Release|Any CPU.ActiveCfg = Release|Any CPU
		{4F5CE2D7-25E1-4FF6-9B3E-954D0E9FDFD5}.Release|Any CPU.Build.0 = Release|Any CPU
		{BBF49043-36B8-4595-ACA4-B4C723FDFB3B}.Debug|Any CPU.ActiveCfg = Debug|Any CPU
		{BBF49043-36B8-4595-ACA4-B4C723FDFB3B}.Debug|Any CPU.Build.0 = Debug|Any CPU
		{BBF49043-36B8-4595-ACA4-B4C723FDFB3B}.Release|Any CPU.ActiveCfg = Release|Any CPU
		{BBF49043-36B8-4595-ACA4-B4C723FDFB3B}.Release|Any CPU.Build.0 = Release|Any CPU
		{542BC49D-0153-41D0-9729-AA90715EB90D}.Debug|Any CPU.ActiveCfg = Debug|Any CPU
		{542BC49D-0153-41D0-9729-AA90715EB90D}.Debug|Any CPU.Build.0 = Debug|Any CPU
		{542BC49D-0153-41D0-9729-AA90715EB90D}.Release|Any CPU.ActiveCfg = Release|Any CPU
		{542BC49D-0153-41D0-9729-AA90715EB90D}.Release|Any CPU.Build.0 = Release|Any CPU
		{A05F181A-71E0-41E8-BF0A-467BBF9C4E6B}.Debug|Any CPU.ActiveCfg = Debug|Any CPU
		{A05F181A-71E0-41E8-BF0A-467BBF9C4E6B}.Debug|Any CPU.Build.0 = Debug|Any CPU
		{A05F181A-71E0-41E8-BF0A-467BBF9C4E6B}.Release|Any CPU.ActiveCfg = Release|Any CPU
		{A05F181A-71E0-41E8-BF0A-467BBF9C4E6B}.Release|Any CPU.Build.0 = Release|Any CPU
		{504B14E0-FDA6-45F6-BC89-2A870F6B55F3}.Debug|Any CPU.ActiveCfg = Debug|Any CPU
		{504B14E0-FDA6-45F6-BC89-2A870F6B55F3}.Debug|Any CPU.Build.0 = Debug|Any CPU
		{504B14E0-FDA6-45F6-BC89-2A870F6B55F3}.Release|Any CPU.ActiveCfg = Release|Any CPU
		{504B14E0-FDA6-45F6-BC89-2A870F6B55F3}.Release|Any CPU.Build.0 = Release|Any CPU
		{82556375-0BBD-43F0-9305-27078DE631A5}.Debug|Any CPU.ActiveCfg = Debug|Any CPU
		{82556375-0BBD-43F0-9305-27078DE631A5}.Debug|Any CPU.Build.0 = Debug|Any CPU
		{82556375-0BBD-43F0-9305-27078DE631A5}.Release|Any CPU.ActiveCfg = Release|Any CPU
		{82556375-0BBD-43F0-9305-27078DE631A5}.Release|Any CPU.Build.0 = Release|Any CPU
		{7D61D966-B7CF-48C1-A393-B26C8CE443FA}.Debug|Any CPU.ActiveCfg = Debug|Any CPU
		{7D61D966-B7CF-48C1-A393-B26C8CE443FA}.Debug|Any CPU.Build.0 = Debug|Any CPU
		{7D61D966-B7CF-48C1-A393-B26C8CE443FA}.Release|Any CPU.ActiveCfg = Release|Any CPU
		{7D61D966-B7CF-48C1-A393-B26C8CE443FA}.Release|Any CPU.Build.0 = Release|Any CPU
	EndGlobalSection
	GlobalSection(SolutionProperties) = preSolution
		HideSolutionNode = FALSE
	EndGlobalSection
	GlobalSection(NestedProjects) = preSolution
		{62E50586-65EB-46BC-A257-B340F148FF6A} = {97C1E151-A8FA-4898-9099-B6C283C63753}
		{C9A866C4-4A56-4BEC-83AB-80B2959C038A} = {97C1E151-A8FA-4898-9099-B6C283C63753}
		{0F25AD24-B8FE-4BE4-9CFD-50683E4B6216} = {97C1E151-A8FA-4898-9099-B6C283C63753}
		{6A5ABB01-3F42-480A-9C4B-A6F965ACADBA} = {97C1E151-A8FA-4898-9099-B6C283C63753}
		{C38E250C-562E-472C-9C7D-F4A6CC234EA5} = {97C1E151-A8FA-4898-9099-B6C283C63753}
		{F0C9EC1F-D229-4A23-927F-85289C291E94} = {62E50586-65EB-46BC-A257-B340F148FF6A}
		{A05F181A-71E0-41E8-BF0A-467BBF9C4E6B} = {F0C9EC1F-D229-4A23-927F-85289C291E94}
		{422E4787-C2F4-4049-8D70-092E64783E6F} = {0F25AD24-B8FE-4BE4-9CFD-50683E4B6216}
		{556F335D-C444-4503-AEBE-DB582A959D6F} = {0F25AD24-B8FE-4BE4-9CFD-50683E4B6216}
		{D5B42B1B-C980-463B-A92C-946DE6F51621} = {6A5ABB01-3F42-480A-9C4B-A6F965ACADBA}
		{6DEB821F-4AE4-4D5C-8412-1EA83F3000FD} = {6A5ABB01-3F42-480A-9C4B-A6F965ACADBA}
		{4D344D8A-1ABD-4F57-BC97-90D94D0BC81F} = {C38E250C-562E-472C-9C7D-F4A6CC234EA5}
		{6921D342-EDB1-4468-9121-3BB9A30B275A} = {C38E250C-562E-472C-9C7D-F4A6CC234EA5}
		{B8F25859-5498-4DEE-81F1-7E0CC036B9F1} = {C38E250C-562E-472C-9C7D-F4A6CC234EA5}
		{4D482D6B-FF87-4A47-BF3F-B5FD47852E05} = {422E4787-C2F4-4049-8D70-092E64783E6F}
		{08563A50-18C8-4F7A-809C-D22CD6F4A883} = {556F335D-C444-4503-AEBE-DB582A959D6F}
		{504B14E0-FDA6-45F6-BC89-2A870F6B55F3} = {556F335D-C444-4503-AEBE-DB582A959D6F}
		{37F9D4BF-09D7-46A3-B9B1-44D72CB42C9D} = {D5B42B1B-C980-463B-A92C-946DE6F51621}
		{4F5CE2D7-25E1-4FF6-9B3E-954D0E9FDFD5} = {6DEB821F-4AE4-4D5C-8412-1EA83F3000FD}
		{BBF49043-36B8-4595-ACA4-B4C723FDFB3B} = {4D344D8A-1ABD-4F57-BC97-90D94D0BC81F}
		{542BC49D-0153-41D0-9729-AA90715EB90D} = {6921D342-EDB1-4468-9121-3BB9A30B275A}
		{82556375-0BBD-43F0-9305-27078DE631A5} = {B8F25859-5498-4DEE-81F1-7E0CC036B9F1}
		{7D61D966-B7CF-48C1-A393-B26C8CE443FA} = {B8F25859-5498-4DEE-81F1-7E0CC036B9F1}
	EndGlobalSection
	GlobalSection(ExtensibilityGlobals) = postSolution
		EnterpriseLibraryConfigurationToolBinariesPath = packages\Unity.2.1.505.2\lib\NET35
	EndGlobalSection
EndGlobal
